{
  "version": 1,
  "dependencies": {
    "net10.0-windows10.0.19041": {
      "AForge.Imaging": {
        "type": "Direct",
        "requested": "[2.2.5, )",
        "resolved": "2.2.5",
        "contentHash": "n8l7Zdsm89EFW9Uz4uCO3D428Gu4Q56YxixSMJPruen1c30R8R9Mm8AreTdoOi2XjN5id04JwFFlXYTk8pIIfw==",
        "dependencies": {
          "AForge": "2.2.5",
          "AForge.Math": "2.2.5"
        }
      },
      "AForge.Math": {
        "type": "Direct",
        "requested": "[2.2.5, )",
        "resolved": "2.2.5",
        "contentHash": "pmT1WobVv13vMxwXhCu8sRunxjiUHyURWS0+dsW/aBPi06xiyYIdCLHI6jph9Axb4QoLIlb85eBI6zd2EAbGIg==",
        "dependencies": {
          "AForge": "2.2.5"
        }
      },
      "CommunityToolkit.Mvvm": {
        "type": "Direct",
        "requested": "[8.4.2, )",
        "resolved": "8.4.2",
        "contentHash": "WadCzGEc2U+3e20avRLng4qNtt4zoOGWrdUISqJWrHe3/FSnrYjuM5Sb4yQb09LhkBXrrI4Zt3dLKgRMbItsrg=="
      },
      "Costura.Fody": {
        "type": "Direct",
        "requested": "[6.2.0, )",
        "resolved": "6.2.0",
        "contentHash": "jaX+A6sw6pI7lkLDTvxN7zU8Ja/a50N2xPKF6RYy0J6QF62wVg+hJMXJph2K8XarDaAlxQ82EaKv3fAvUNyRpg==",
        "dependencies": {
          "Fody": "6.9.3"
        }
      },
      "gong-wpf-dragdrop": {
        "type": "Direct",
        "requested": "[4.0.0, )",
        "resolved": "4.0.0",
        "contentHash": "nDj86v1XHhgmQR8PPo/uDDp/xdLDxcqZdvIwSxWAHQPiRX/GBXK13FYY0C2xQow9RSl6j5FKLk8xoYrdb52vqg=="
      },
      "H.NotifyIcon.Wpf": {
        "type": "Direct",
        "requested": "[2.1.4, )",
        "resolved": "2.1.4",
        "contentHash": "JXwEhOXo8smlx6p4SjbxRQ8C0WDDgm2j/3nitA9yeksY3kTaMADL34zxaheQM0Qbf9efoaV2PTC7DXjNaBUHXA==",
        "dependencies": {
          "H.NotifyIcon": "2.1.4"
        }
      },
      "iNKORE.UI.WPF": {
        "type": "Direct",
        "requested": "[1.2.8, )",
        "resolved": "1.2.8",
        "contentHash": "7b+z25JFdhGAfyJqlVIF0vLbmgsRvqDZMvhGPTz20gzQigDPMqVUOoCCKB5824GtYsjFCYNilmaowb+4yWATkQ=="
      },
      "iNKORE.UI.WPF.Modern": {
        "type": "Direct",
        "requested": "[0.10.2.1, )",
        "resolved": "0.10.2.1",
        "contentHash": "nGwuuVul+TcLCTgPmaAZCc0fYFqUpCNZ8PiulVT3gZnsWt/AvxMZ0DSPpuyI/iRPc/NhFIg9lSIR7uaHWV0I/Q==",
        "dependencies": {
          "iNKORE.UI.WPF": "1.2.8"
        }
      },
      "JerryShaw.WPFMediaKit": {
        "type": "Direct",
        "requested": "[1.0.1, )",
        "resolved": "1.0.1",
        "contentHash": "t4yTVIKP/dABO7lpflH6hDlI7B4C4MKcj3LI22yu5LKo+ppTkirUefnpdZK5l95LDsqmdn1jMovCHEN2bSrGDg==",
        "dependencies": {
          "JerryShaw.DirectShowLib": "1.0.1"
        }
      },
      "MessagePack": {
        "type": "Direct",
        "requested": "[3.1.8, )",
        "resolved": "3.1.8",
        "contentHash": "Qk2q+9FVxnMSp+NQ9y3SLz3HqWe7Rg3KRMHhBX28FkKUoOeP9YIU86mA4pFOxDDjUIRA9e7Ssbxs/LwWUcAzPw==",
        "dependencies": {
          "MessagePack.Annotations": "3.1.8",
          "MessagePackAnalyzer": "3.1.8",
          "Microsoft.NET.StringTools": "17.11.4"
        }
      },
      "Microsoft.Extensions.DependencyInjection": {
        "type": "Direct",
        "requested": "[10.0.11, )",
        "resolved": "10.0.11",
        "contentHash": "PSmotV19c7E3lKed++uYo1kSiXFI+uTl37CBSrhq+CfLC3FCHjG7R91+xPnNehQfHS1b0Tzo/CCLPWH3qaEheg==",
        "dependencies": {
          "Microsoft.Extensions.DependencyInjection.Abstractions": "10.0.11"
        }
      },
      "Microsoft.Office.Interop.PowerPoint": {
        "type": "Direct",
        "requested": "[15.0.4420.1018, )",
        "resolved": "15.0.4420.1018",
        "contentHash": "3XkJAqbYq93MqqSOPusNE+6Tve5yBkbE92n9W8f+k8Z9AzXeoTMqMYqhZMrzVOp4saHhMMbOD78JkCjvk+qIzw=="
      },
      "Microsoft.Toolkit.Uwp.Notifications": {
        "type": "Direct",
        "requested": "[7.1.3, )",
        "resolved": "7.1.3",
        "contentHash": "A1dglAzb24gjehmb7DwGd07mfyZ1gacAK7ObE0KwDlRc3mayH2QW7cSOy3TkkyELjLg19OQBuhPOj4SpXET9lg=="
      },
      "Microsoft.Windows.CsWin32": {
        "type": "Direct",
        "requested": "[0.3.298, )",
        "resolved": "0.3.298",
        "contentHash": "moz/CojV5HSeJYV9pNVE6mWMKnJGvPgdD31EhBLyUJ8Ui06PBrH9oPFK1ljXbJJMM4EzKnkE1a0AtBbH1BHDGA==",
        "dependencies": {
          "Microsoft.Windows.SDK.Win32Docs": "0.1.42-alpha",
          "Microsoft.Windows.SDK.Win32Metadata": "70.0.11-preview",
          "Microsoft.Windows.WDK.Win32Metadata": "0.13.25-experimental"
        }
      },
      "MicrosoftOfficeCore": {
        "type": "Direct",
        "requested": "[15.0.0, )",
        "resolved": "15.0.0",
        "contentHash": "/KgYw8uvv0Ut8FPvyEa1XJ/TrLSRgvTv3JgC2IT0/8NwoICzbEJWfmfwsE6Dwi8WH0jVkTEO7zRvGvaKqUOhqQ=="
      },
      "Nerdbank.GitVersioning": {
        "type": "Direct",
        "requested": "[3.9.50, )",
        "resolved": "3.9.50",
        "contentHash": "HtOgGF6jZ+WYbXnCUCYPT8Y2d6mIJo9ozjK/FINTRsXdm4Zgv9GehUMa7EFoGQkqrMcDJNOIDwCmENnvXg4UbA=="
      },
      "Newtonsoft.Json": {
        "type": "Direct",
        "requested": "[13.0.4, )",
        "resolved": "13.0.4",
        "contentHash": "pdgNNMai3zv51W5aq268sujXUyx7SNdE2bj1wZcWjAQrKMFZV260lbqYop1d2GM67JI1huLRwxo9ZqnfF/lC6A=="
      },
      "NHotkey.Wpf": {
        "type": "Direct",
        "requested": "[4.0.0, )",
        "resolved": "4.0.0",
        "contentHash": "ocVcoBAON/V+gUGBbAmfto+EKi2N8KcpjSjbxJaPkEzNpm9TefM8eJNji5bzdL3UreSiBtlPQ59VC9/UWQ5JIw==",
        "dependencies": {
          "NHotkey": "4.0.0"
        }
      },
      "OSVersionExt": {
        "type": "Direct",
        "requested": "[4.1.0, )",
        "resolved": "4.1.0",
        "contentHash": "SenUSY0CRDAz8ncuyJadTKs+m7gbHj8hq6t+sHmNcgp50ibIqKWXf3xOLB2HjC55CoLo42Qy+IgUXfTNAlk13A=="
      },
      "Vortice.Direct2D1": {
        "type": "Direct",
        "requested": "[3.8.3, )",
        "resolved": "3.8.3",
        "contentHash": "SDHEmNUT3A4P8yj+g7q3AnRZ9fvqOOe/EoWjsgkHlQ3C9Tkc51rTeZXC9bQPySli+/lFTui8vMs9tpWZqf+AwQ==",
        "dependencies": {
          "SharpGen.Runtime": "2.4.2-beta",
          "Vortice.DXGI": "3.8.3"
        }
      },
      "Vortice.Direct3D11": {
        "type": "Direct",
        "requested": "[3.8.3, )",
        "resolved": "3.8.3",
        "contentHash": "JgFUswu2mgrSwcd0KRF2AnfeE5VbMEgcicmxPD1g2yXyomPIHbnX3wldBNHPOzzD0URC1WJ/pO1ymfi3imZwvg==",
        "dependencies": {
          "SharpGen.Runtime": "2.4.2-beta",
          "Vortice.DXGI": "3.8.3"
        }
      },
      "Vortice.DirectComposition": {
        "type": "Direct",
        "requested": "[3.8.3, )",
        "resolved": "3.8.3",
        "contentHash": "2/QD9K9UC7z/2FgK8/gVyySfMppwOz006+9eMtrcEbsTwYNxBxJGCeY09oM8Mr7CLOVY581sg89lIES+2URd6A==",
        "dependencies": {
          "SharpGen.Runtime": "2.4.2-beta",
          "Vortice.DXGI": "3.8.3",
          "Vortice.Direct2D1": "3.8.3",
          "Vortice.DirectX": "3.8.3"
        }
      },
      "Vortice.DXGI": {
        "type": "Direct",
        "requested": "[3.8.3, )",
        "resolved": "3.8.3",
        "contentHash": "MbAUnTeQ6WD99ctAdrj5CQO2I7oaax0Kt2eVdWSUj0bYP9Ed0726+s7dIHe4+tqhpmINW/dcPt0mNtc72o+E0w==",
        "dependencies": {
          "SharpGen.Runtime": "2.4.2-beta",
          "Vortice.DirectX": "3.8.3"
        }
      },
      "AForge": {
        "type": "Transitive",
        "resolved": "2.2.5",
        "contentHash": "clkumhM9DggqIzEXAHgVLeWO4arG5YfoPr7J4jfjJx35AoeEIJSSm49J25bwp/9mXQYLwi7y1Wunc8qgYJsGxg=="
      },
      "Fody": {
        "type": "Transitive",
        "resolved": "6.9.3",
        "contentHash": "1CUGgFdyECDKgi5HaUBhdv6k+VG9Iy4OCforGfHyar3xQXAJypZkzymgKtWj/4SPd6nSG0Qi7NH71qHrDSZLaA=="
      },
      "H.GeneratedIcons.System.Drawing": {
        "type": "Transitive",
        "resolved": "2.1.4",
        "contentHash": "MjW8AmrbVHnFl17WzTqVA0LvUcgKtV/1gL04fTQdYgHotrjkz9Q8mgDxtrxevPCYE8SGvQBrKTPttCwkS1zsMw=="
      },
      "H.NotifyIcon": {
        "type": "Transitive",
        "resolved": "2.1.4",
        "contentHash": "puxd5k0RQQilmIReQZjz+lyJWWmko/WWYkNbEUpqymPXZsCv9ILrhdz1j6YARR1OJCl9RWykV7WWvxYJRsVdMw==",
        "dependencies": {
          "H.GeneratedIcons.System.Drawing": "2.1.4"
        }
      },
      "JerryShaw.DirectShowLib": {
        "type": "Transitive",
        "resolved": "1.0.1",
        "contentHash": "NtMCJKHRnYtD2Z8T/ZMWd7AjqzOQvT2mjiJFplOls/dTjojO4gdkEDxRa+ewKhG/3bobQf9ZSTYWtK/gMF/NRg=="
      },
      "MessagePack.Annotations": {
        "type": "Transitive",
        "resolved": "3.1.8",
        "contentHash": "SitOtZ4tOlAZZPF7p52M7143F+Cuz7o/aU0MrtAXX0+ZkPXzDNroOFhzzE2ogMFThsoEW/E6akXVVcBFM9ZKaw=="
      },
      "MessagePackAnalyzer": {
        "type": "Transitive",
        "resolved": "3.1.8",
        "contentHash": "Vm4g0cR4YRKRchEOmMJ0uVFU6yxdg7cJa2KHv3SUAHEsdYKvMpHMF5A1hZfsix89ymD5cmuzRnw9a6dKMcvq+Q=="
      },
      "Microsoft.Extensions.DependencyInjection.Abstractions": {
        "type": "Transitive",
        "resolved": "10.0.11",
        "contentHash": "/a1aJz4m7ylhEDf25ugQChLQoN5XwoGjWw/BoR/ZWWKsO1v4DdJElS1uyngahz4B/eOzjFk1KNTkarRLE5wsIg=="
      },
      "Microsoft.NET.StringTools": {
        "type": "Transitive",
        "resolved": "17.11.4",
        "contentHash": "mudqUHhNpeqIdJoUx2YDWZO/I9uEDYVowan89R6wsomfnUJQk6HteoQTlNjZDixhT2B4IXMkMtgZtoceIjLRmA=="
      },
      "Microsoft.Windows.SDK.Win32Docs": {
        "type": "Transitive",
        "resolved": "0.1.42-alpha",
        "contentHash": "Z/9po23gUA9aoukirh2ItMU2ZS9++Js9Gdds9fu5yuMojDrmArvY2y+tq9985tR3cxFxpZO1O35Wjfo0khj5HA=="
      },
      "Microsoft.Windows.SDK.Win32Metadata": {
        "type": "Transitive",
        "resolved": "70.0.11-preview",
        "contentHash": "i8Dv2KCKzH8MQAsgLeUa5zFGyQOoz+TlvnbkFUkjsUtqhj4oguVj9rDpVACs5fLayZbwItOSllf+bhwr+z2yeg=="
      },
      "Microsoft.Windows.WDK.Win32Metadata": {
        "type": "Transitive",
        "resolved": "0.13.25-experimental",
        "contentHash": "IM50tb/+UIwBr9FMr6ZKcZjCMW+Axo6NjGqKxgjUfyCY8dRnYUfrJEXxAaXoWtYP4X8EmASmC1Jtwh4XucseZg==",
        "dependencies": {
          "Microsoft.Windows.SDK.Win32Metadata": "63.0.31-preview"
        }
      },
      "NHotkey": {
        "type": "Transitive",
        "resolved": "4.0.0",
        "contentHash": "5HKzttVKWeKoDQKJd3+J7Dy1MW6gbNNYfftkVufe2ddFQD0kXjnT1IN3ZJBfF6QVEQmHpQSp+/PT7Jo2YyHFcw=="
      },
      "SharpGen.Runtime": {
        "type": "Transitive",
        "resolved": "2.4.2-beta",
        "contentHash": "niTtWAUov1F7wZGAlVeEvW+Tnqvg5yTmhI7rxmYu2Utoyu2TbC9tWWpUpMs0PQg5lu5svoYpCAztNjxCqMFP/w=="
      },
      "SharpGen.Runtime.COM": {
        "type": "Transitive",
        "resolved": "2.4.2-beta",
        "contentHash": "9lxDFMiepqo3lJQzMSjECCIONeCc2f3Drokgj6HtrTLZcJSftNgcLbD6/iXYj2iphkwgrZb1oLsDOZxoFZkawQ==",
        "dependencies": {
          "SharpGen.Runtime": "2.4.2-beta"
        }
      },
      "Vortice.DirectX": {
        "type": "Transitive",
        "resolved": "3.8.3",
        "contentHash": "nKwSavv0w5rDF7prSefqAVPDcTyqrfZxKFMVfttiXPfm62VdA/1d+b3PhCZpW4xO7jXczXDwjQdWgD1zGsvM8w==",
        "dependencies": {
          "SharpGen.Runtime": "2.4.2-beta",
          "SharpGen.Runtime.COM": "2.4.2-beta",
          "Vortice.Mathematics": "2.1.0"
        }
      },
      "Vortice.Mathematics": {
        "type": "Transitive",
        "resolved": "2.1.0",
        "contentHash": "KK+SjNSuKdP+zbavekubi+vaeb1Jo4k87ZF6CMkVWjr6RjJwc8peVtmgzXXDIMy4ZC3ZISyk3llY3q65ISOkBQ=="
      },
      "inkcanvas.controls": {
        "type": "Project",
        "dependencies": {
          "iNKORE.UI.WPF": "[1.2.8, )",
          "iNKORE.UI.WPF.Modern": "[0.10.2.1, )"
        }
      },
      "inkcanvas.pptagent.contracts": {
        "type": "Project"
      }
    },
    "net10.0-windows10.0.19041/win-arm64": {},
    "net10.0-windows10.0.19041/win-x64": {},
    "net10.0-windows10.0.19041/win-x86": {}
  }
}